
Microsoft Visual Studio Solution File, Format Version 12.00
# Visual Studio Version 17
VisualStudioVersion = 17.8.34316.72
MinimumVisualStudioVersion = 10.0.40219.1
Project("{8BC9CEB8-8B4A-11D0-8D11-00A0C91BC942}") = "DLL_Injector", "DLL_Injector\DLL_Injector.vcxproj", "{BEFB6DD8-DA1D-4784-9A10-454E35D04A05}"
EndProject
Global
	GlobalSection(SolutionConfigurationPlatforms) = preSolution
		Debug|x64 = Debug|x64
		Debug|x86 = Debug|x86
		Release|x64 = Release|x64
		Release|x86 = Release|x86
	EndGlobalSection
	GlobalSection(ProjectConfigurationPlatforms) = postSolution
		{BEFB6DD8-DA1D-4784-9A10-454E35D04A05}.Debug|x64.ActiveCfg = Debug|x64
		{BEFB6DD8-DA1D-4784-9A10-454E35D04A05}.Debug|x64.Build.0 = Debug|x64
		{BEFB6DD8-DA1D-4784-9A10-454E35D04A05}.Debug|x86.ActiveCfg = Debug|Win32
		{BEFB6DD8-DA1D-4784-9A10-454E35D04A05}.Debug|x86.Build.0 = Debug|Win32
		{BEFB6DD8-DA1D-4784-9A10-454E35D04A05}.Release|x64.ActiveCfg = Release|x64
		{BEFB6DD8-DA1D-4784-9A10-454E35D04A05}.Release|x64.Build.0 = Release|x64
		{BEFB6DD8-DA1D-4784-9A10-454E35D04A05}.Release|x86.ActiveCfg = Release|Win32
		{BEFB6DD8-DA1D-4784-9A10-454E35D04A05}.Release|x86.Build.0 = Release|Win32
	EndGlobalSection
	GlobalSection(SolutionProperties) = preSolution
		HideSolutionNode = FALSE
	EndGlobalSection
	GlobalSection(ExtensibilityGlobals) = postSolution
		SolutionGuid = {936BF576-138D-4B99-B825-2B6580A58C33}
	EndGlobalSection
EndGlobal
